// !$*UTF8*$!
{
	archiveVersion = 1;
	classes = {
	};
	objectVersion = 60;
	objects = {

/* Begin PBXBuildFile section */
		016CB8244FD385587A49F2B6 /* PlayerState.swift in Sources */ = {isa = PBXBuildFile; fileRef = CD8633F6EC459CC713D9BBA3 /* PlayerState.swift */; };
		04A0AFD4698ED011F8AF96FF /* Thumbnail.swift in Sources */ = {isa = PBXBuildFile; fileRef = 96104FB3023BE6FB53C40E33 /* Thumbnail.swift */; };
		08A7A8C1CE232DF97C3BB1BC /* YouTubeMusicClient.swift in Sources */ = {isa = PBXBuildFile; fileRef = 44C3C9FA7D443E53789DC4BE /* YouTubeMusicClient.swift */; };
		0C4D71E25082DB8775F2F475 /* SettingsViewModel.swift in Sources */ = {isa = PBXBuildFile; fileRef = AA70F316722AC7129A92E2AE /* SettingsViewModel.swift */; };
		1652EB10062E24787A75AEC2 /* Playlist.swift in Sources */ = {isa = PBXBuildFile; fileRef = 11B70D9D917D359CB2571C57 /* Playlist.swift */; };
		21BBA4986F069AA5840D0312 /* AppContainer.swift in Sources */ = {isa = PBXBuildFile; fileRef = 1446FA0689FAB3E0199E2E43 /* AppContainer.swift */; };
		2370BCE06A0699713630C497 /* AppAnimations.swift in Sources */ = {isa = PBXBuildFile; fileRef = 9651110CF7AAAECCA27705D6 /* AppAnimations.swift */; };
		2505B9C359430343C6747EE4 /* PlaylistRepository.swift in Sources */ = {isa = PBXBuildFile; fileRef = 149E0188E89E6AACECCBA379 /* PlaylistRepository.swift */; };
		264B26761087DB9468001E4A /* AppIcons.swift in Sources */ = {isa = PBXBuildFile; fileRef = C03D6C5B61063B2AEAE79F5C /* AppIcons.swift */; };
		2E1EC5EEC62B02E655D27138 /* AppMaterials.swift in Sources */ = {isa = PBXBuildFile; fileRef = F00FD1A43D09BBEE85AD6C95 /* AppMaterials.swift */; };
		350476E1178C4D36B1D76125 /* GlassButton.swift in Sources */ = {isa = PBXBuildFile; fileRef = D0127DA0C94520EEA0C9470B /* GlassButton.swift */; };
		39A706E4C7CD2CC3A6018E13 /* MusicGlassApp.swift in Sources */ = {isa = PBXBuildFile; fileRef = 56FE7EADD5D8BC48896A0D1C /* MusicGlassApp.swift */; };
		3F3C0F98904B83B84B2761D9 /* LyricsViewModel.swift in Sources */ = {isa = PBXBuildFile; fileRef = 1D5B17B88C994FC40FDFB6E5 /* LyricsViewModel.swift */; };
		3FCE46F7951459443E9F9D4D /* NowPlayingManager.swift in Sources */ = {isa = PBXBuildFile; fileRef = 351BA7A59EEB9E15DBE9EF99 /* NowPlayingManager.swift */; };
		45198B2346952C2D4ABB6984 /* NetworkError.swift in Sources */ = {isa = PBXBuildFile; fileRef = 525CD67282EDF66F03F1CE58 /* NetworkError.swift */; };
		46D6DE138467090CE30FB0F4 /* AudioSessionManager.swift in Sources */ = {isa = PBXBuildFile; fileRef = 4FA9CF153DA3644A31ED13E4 /* AudioSessionManager.swift */; };
		4C80AF887C5DF481DCF0521B /* AppColors.swift in Sources */ = {isa = PBXBuildFile; fileRef = D457D9D1F43F5232D3DCA4ED /* AppColors.swift */; };
		4E8AB586C0A29E3F8EA14108 /* ArtworkView.swift in Sources */ = {isa = PBXBuildFile; fileRef = 4B37E72F286C8C75B12C1C12 /* ArtworkView.swift */; };
		4EB63D3D6BEC7D4163CF9FDB /* FullPlayerScreen.swift in Sources */ = {isa = PBXBuildFile; fileRef = 977EF52CAF63F75FCAC95067 /* FullPlayerScreen.swift */; };
		51FD1FB37A76AFEC3F23C514 /* LocalDatabase.swift in Sources */ = {isa = PBXBuildFile; fileRef = C0849432DD32C71EF9B6B7C3 /* LocalDatabase.swift */; };
		53ADD48E7A209EF4BEF7FEA1 /* JSONValue.swift in Sources */ = {isa = PBXBuildFile; fileRef = 182D5CC40CC7CB76222C3404 /* JSONValue.swift */; };
		56D6C3598BA8DF0E52E39926 /* PlayerQueueTests.swift in Sources */ = {isa = PBXBuildFile; fileRef = D0BA873395E3184AF4369735 /* PlayerQueueTests.swift */; };
		582435972CDB592841D351CD /* InnerTubeClient.swift in Sources */ = {isa = PBXBuildFile; fileRef = 7ABD8C8B10CE4501E165B9F2 /* InnerTubeClient.swift */; };
		5B9985D39FF55E5162764587 /* AppTypography.swift in Sources */ = {isa = PBXBuildFile; fileRef = 9576AF7517610252F39AEB7E /* AppTypography.swift */; };
		600183ADD4BD9EF2E9B56B7D /* DisclaimerView.swift in Sources */ = {isa = PBXBuildFile; fileRef = 91DEF3D20A70B3685C4583EA /* DisclaimerView.swift */; };
		6639F11D69A702B224302E82 /* MediaCards.swift in Sources */ = {isa = PBXBuildFile; fileRef = 6F10745704DC25B4C68A993D /* MediaCards.swift */; };
		6ED92039E1B0ECC6A0BB90C7 /* TimeInterval+Formatting.swift in Sources */ = {isa = PBXBuildFile; fileRef = 5EB429B3052FE0A6D6153314 /* TimeInterval+Formatting.swift */; };
		6F2CDABDC70F451954B59D2C /* AppSpacing.swift in Sources */ = {isa = PBXBuildFile; fileRef = 6C9FF5CEB2983C056A7693ED /* AppSpacing.swift */; };
		7602648DF8D703B39249F04A /* APIRequest.swift in Sources */ = {isa = PBXBuildFile; fileRef = 42F662E33F964054263E9EC4 /* APIRequest.swift */; };
		76658FAC712804919F1DCDA8 /* PlayerItem.swift in Sources */ = {isa = PBXBuildFile; fileRef = 2228F3EC1484535525EB411F /* PlayerItem.swift */; };
		78859A3DCBABA2F5228FB833 /* DetailScreens.swift in Sources */ = {isa = PBXBuildFile; fileRef = 4842EDE81C0BBA3010A2E91A /* DetailScreens.swift */; };
		7AEF02AC20DAD6D9F9EB5E7E /* LibraryScreen.swift in Sources */ = {isa = PBXBuildFile; fileRef = 881B609B117FA5E5510EA617 /* LibraryScreen.swift */; };
		86AC45C9F3EBCD2842D06680 /* PlaybackCacheManager.swift in Sources */ = {isa = PBXBuildFile; fileRef = 7036E5E41DF39A2769C01B3E /* PlaybackCacheManager.swift */; };
		8AD2793A3D16EA8CB5EAB20E /* Lyrics.swift in Sources */ = {isa = PBXBuildFile; fileRef = 14A6DE69CE37C7E3101206DE /* Lyrics.swift */; };
		8AD92DA5C444DDC958511893 /* LyricsScreen.swift in Sources */ = {isa = PBXBuildFile; fileRef = AABA1C986AD489B7518A759C /* LyricsScreen.swift */; };
		91A6B2BE0A39D5238FAC83ED /* FavoritesRepository.swift in Sources */ = {isa = PBXBuildFile; fileRef = A28BD004DE36A481502A1915 /* FavoritesRepository.swift */; };
		92F397B888C6602858EEA4B5 /* SearchScreen.swift in Sources */ = {isa = PBXBuildFile; fileRef = 663096495A92B305EB0FBA6A /* SearchScreen.swift */; };
		A1B2C3D4E5F60718293A4B5C /* Icon-60@2x.png in Resources */ = {isa = PBXBuildFile; fileRef = A1B2C3D4E5F60718293A4B5E /* Icon-60@2x.png */; };
		A1B2C3D4E5F60718293A4B5D /* Icon-60@3x.png in Resources */ = {isa = PBXBuildFile; fileRef = A1B2C3D4E5F60718293A4B5F /* Icon-60@3x.png */; };
		A27890C0004A1F74609C9103 /* TrackRow.swift in Sources */ = {isa = PBXBuildFile; fileRef = 4C0967E80CD55961F1C77E10 /* TrackRow.swift */; };
		A562DA94ECACFC0CD8A30D81 /* NetworkLogger.swift in Sources */ = {isa = PBXBuildFile; fileRef = 5E5A5B4294EA90B12C8EDE4B /* NetworkLogger.swift */; };
		A707698F20329AD827C98DEA /* YouTubeMusicParserTests.swift in Sources */ = {isa = PBXBuildFile; fileRef = 8193255D72BEE073502BB43E /* YouTubeMusicParserTests.swift */; };
		A7863EAB728F3F2A8A7B4A33 /* HomeFeed.swift in Sources */ = {isa = PBXBuildFile; fileRef = FFF01270080D0423F18D1B8D /* HomeFeed.swift */; };
		A7E07E60893D73371437D40D /* PersistentModels.swift in Sources */ = {isa = PBXBuildFile; fileRef = 5A6787991AA51D7474760A16 /* PersistentModels.swift */; };
		A8D32508205EB0C958367530 /* HistoryRepository.swift in Sources */ = {isa = PBXBuildFile; fileRef = 309E1B22F6210D15C15EACC8 /* HistoryRepository.swift */; };
		AEBECD7C5982316B9FB26BE3 /* QueueScreen.swift in Sources */ = {isa = PBXBuildFile; fileRef = DBEF82EBD0BE8EBC15073085 /* QueueScreen.swift */; };
		AEDEF733235F088FC27F2FBB /* HomeViewModel.swift in Sources */ = {isa = PBXBuildFile; fileRef = D5EA178F49D60B267E804A4A /* HomeViewModel.swift */; };
		B01A86BD5412C4AA535625B4 /* AppError.swift in Sources */ = {isa = PBXBuildFile; fileRef = 57BBA26C10E9C770EF5BAA0E /* AppError.swift */; };
		B01C9AD1130279D641808B32 /* AppRouter.swift in Sources */ = {isa = PBXBuildFile; fileRef = B866049113DABC880CA7D284 /* AppRouter.swift */; };
		B338129493553C96ABF95B4D /* DetailViewModels.swift in Sources */ = {isa = PBXBuildFile; fileRef = E4B821631F3FD889D5D5FE3C /* DetailViewModels.swift */; };
		B387ADD346764EDC8D7EE39F /* RootView.swift in Sources */ = {isa = PBXBuildFile; fileRef = E01F18F04DAE889F6AC90E7E /* RootView.swift */; };
		B7593CE91B785D99F0E6A7E4 /* SearchViewModel.swift in Sources */ = {isa = PBXBuildFile; fileRef = ED36E261CC0356810817D466 /* SearchViewModel.swift */; };
		C66570F75B8E67D6A005DE26 /* InnerTubeJSONMapper.swift in Sources */ = {isa = PBXBuildFile; fileRef = 2C81E9F009898FCD7695D0EA /* InnerTubeJSONMapper.swift */; };
		C6FFE435C0A99FF2A160F901 /* HomeScreen.swift in Sources */ = {isa = PBXBuildFile; fileRef = 6832E9B46EB50950CADA5B42 /* HomeScreen.swift */; };
		C8ED0C8BB3EA6D14A7734EC5 /* AppLogger.swift in Sources */ = {isa = PBXBuildFile; fileRef = 487A385BED5E3B912F4DCB65 /* AppLogger.swift */; };
		C9FF67D468F33F5F93EF2ADA /* HTTPClient.swift in Sources */ = {isa = PBXBuildFile; fileRef = 95E85DFAB2DBAB2767F5271A /* HTTPClient.swift */; };
		CA6E140E4F6BE28120F4B2DB /* LibraryViewModel.swift in Sources */ = {isa = PBXBuildFile; fileRef = 14C6E4C50A82B2DF4EBE495C /* LibraryViewModel.swift */; };
		D3ACA31E2E0F1F28DA96A655 /* AuthService.swift in Sources */ = {isa = PBXBuildFile; fileRef = 51F98009DD136C43825BC3D3 /* AuthService.swift */; };
		D7ACABAA30302AF96F459169 /* AVPlayerEngine.swift in Sources */ = {isa = PBXBuildFile; fileRef = C3373C43A076035DA02BBB41 /* AVPlayerEngine.swift */; };
		D858E6C997ED20D0113FA154 /* LoginWebView.swift in Sources */ = {isa = PBXBuildFile; fileRef = 04480EFCB79D5DE893E6AC7F /* LoginWebView.swift */; };
		DCA94580CB933144FC3A110C /* MiniPlayer.swift in Sources */ = {isa = PBXBuildFile; fileRef = 1FA115BEE62C7A51F2D63DB6 /* MiniPlayer.swift */; };
		E040D90B77EE3956263A8EC0 /* RemoteCommandCenterManager.swift in Sources */ = {isa = PBXBuildFile; fileRef = 08635703A23E9919CD257ADB /* RemoteCommandCenterManager.swift */; };
		E28505B8AD3B7C0656E144D1 /* StateViews.swift in Sources */ = {isa = PBXBuildFile; fileRef = 6AEA776E65D3BA6EC2BFC412 /* StateViews.swift */; };
		E42958EFE07FE16A743FBC3A /* Album.swift in Sources */ = {isa = PBXBuildFile; fileRef = CF340FAA2655D23EBD4745E9 /* Album.swift */; };
		E79B34F1B6D11D75B6EA54FF /* AppRadius.swift in Sources */ = {isa = PBXBuildFile; fileRef = 7923A208481DE76B5F2CAF1D /* AppRadius.swift */; };
		EB880F51681BA90E27AC1944 /* InnerTubeDTO.swift in Sources */ = {isa = PBXBuildFile; fileRef = A0DA56288C0EF64E02CE5D76 /* InnerTubeDTO.swift */; };
		ED9C862081B4EDB4657ADAEE /* Track.swift in Sources */ = {isa = PBXBuildFile; fileRef = 6AEDF41AA3B91707BA95FDA0 /* Track.swift */; };
		F581C1B17A711C5B165963FA /* LyricsService.swift in Sources */ = {isa = PBXBuildFile; fileRef = EA171E79875C02DCD78CAF9D /* LyricsService.swift */; };
		F7D687FF38E8CFD87D85F467 /* CacheRepository.swift in Sources */ = {isa = PBXBuildFile; fileRef = D731B4F15E19447E6B6D3C8B /* CacheRepository.swift */; };
		F82E277B7BB0D2B0B4DBF0C4 /* PlayerQueue.swift in Sources */ = {isa = PBXBuildFile; fileRef = F73BC96D3AE90E22339A5701 /* PlayerQueue.swift */; };
		F99F2995B0CBA9F39CB1A80A /* Array+Uniqued.swift in Sources */ = {isa = PBXBuildFile; fileRef = A9795DF5D1085F54BC947813 /* Array+Uniqued.swift */; };
		F9FCD3C29435BE1786C2A30D /* SettingsScreen.swift in Sources */ = {isa = PBXBuildFile; fileRef = B3DCACCA28F1638AE30B41A3 /* SettingsScreen.swift */; };
		FBB7C85071EBC9D0478CA71D /* SearchResult.swift in Sources */ = {isa = PBXBuildFile; fileRef = 232996E72E94F324C9A441DC /* SearchResult.swift */; };
		FDF1A5388BDAEFAFD4CDCECD /* Artist.swift in Sources */ = {isa = PBXBuildFile; fileRef = 1BDB7B4D1806688E34502068 /* Artist.swift */; };
/* End PBXBuildFile section */

/* Begin PBXContainerItemProxy section */
		5156102E26F7FE2BFCDDBF25 /* PBXContainerItemProxy */ = {
			isa = PBXContainerItemProxy;
			containerPortal = 98F54143AB4E86B28C3AFEE0 /* Project object */;
			proxyType = 1;
			remoteGlobalIDString = 31E99D0C770D8CF13A7FD648;
			remoteInfo = MusicGlass;
		};
/* End PBXContainerItemProxy section */

/* Begin PBXFileReference section */
		04480EFCB79D5DE893E6AC7F /* LoginWebView.swift */ = {isa = PBXFileReference; includeInIndex = 1; lastKnownFileType = sourcecode.swift; name = LoginWebView.swift; path = Features/Settings/LoginWebView.swift; sourceTree = "<group>"; };
		05692CB912BEFF8FC5C63675 /* Info.plist */ = {isa = PBXFileReference; lastKnownFileType = text.plist.xml; path = MusicGlass/Info.plist; sourceTree = SOURCE_ROOT; };
		08635703A23E9919CD257ADB /* RemoteCommandCenterManager.swift */ = {isa = PBXFileReference; lastKnownFileType = sourcecode.swift; path = MusicGlass/Playback/RemoteCommandCenterManager.swift; sourceTree = SOURCE_ROOT; };
		11B70D9D917D359CB2571C57 /* Playlist.swift */ = {isa = PBXFileReference; lastKnownFileType = sourcecode.swift; path = MusicGlass/Core/Models/Playlist.swift; sourceTree = SOURCE_ROOT; };
		1446FA0689FAB3E0199E2E43 /* AppContainer.swift */ = {isa = PBXFileReference; lastKnownFileType = sourcecode.swift; path = MusicGlass/App/AppContainer.swift; sourceTree = SOURCE_ROOT; };
		149E0188E89E6AACECCBA379 /* PlaylistRepository.swift */ = {isa = PBXFileReference; lastKnownFileType = sourcecode.swift; path = MusicGlass/Persistence/PlaylistRepository.swift; sourceTree = SOURCE_ROOT; };
		14A6DE69CE37C7E3101206DE /* Lyrics.swift */ = {isa = PBXFileReference; lastKnownFileType = sourcecode.swift; path = MusicGlass/Core/Models/Lyrics.swift; sourceTree = SOURCE_ROOT; };
		14C6E4C50A82B2DF4EBE495C /* LibraryViewModel.swift */ = {isa = PBXFileReference; lastKnownFileType = sourcecode.swift; path = MusicGlass/Features/Library/LibraryViewModel.swift; sourceTree = SOURCE_ROOT; };
		182D5CC40CC7CB76222C3404 /* JSONValue.swift */ = {isa = PBXFileReference; lastKnownFileType = sourcecode.swift; path = MusicGlass/YouTubeMusic/DTO/JSONValue.swift; sourceTree = SOURCE_ROOT; };
		1BDB7B4D1806688E34502068 /* Artist.swift */ = {isa = PBXFileReference; lastKnownFileType = sourcecode.swift; path = MusicGlass/Core/Models/Artist.swift; sourceTree = SOURCE_ROOT; };
		1D5B17B88C994FC40FDFB6E5 /* LyricsViewModel.swift */ = {isa = PBXFileReference; lastKnownFileType = sourcecode.swift; path = MusicGlass/Features/Lyrics/LyricsViewModel.swift; sourceTree = SOURCE_ROOT; };
		1FA115BEE62C7A51F2D63DB6 /* MiniPlayer.swift */ = {isa = PBXFileReference; lastKnownFileType = sourcecode.swift; path = MusicGlass/Features/Player/MiniPlayer.swift; sourceTree = SOURCE_ROOT; };
		2228F3EC1484535525EB411F /* PlayerItem.swift */ = {isa = PBXFileReference; lastKnownFileType = sourcecode.swift; path = MusicGlass/Core/Models/PlayerItem.swift; sourceTree = SOURCE_ROOT; };
		232996E72E94F324C9A441DC /* SearchResult.swift */ = {isa = PBXFileReference; lastKnownFileType = sourcecode.swift; path = MusicGlass/Core/Models/SearchResult.swift; sourceTree = SOURCE_ROOT; };
		253FACC6CB6565067F5B41EE /* MusicGlass.app */ = {isa = PBXFileReference; explicitFileType = wrapper.application; includeInIndex = 0; path = MusicGlass.app; sourceTree = BUILT_PRODUCTS_DIR; };
		2C81E9F009898FCD7695D0EA /* InnerTubeJSONMapper.swift */ = {isa = PBXFileReference; lastKnownFileType = sourcecode.swift; path = MusicGlass/YouTubeMusic/Mappers/InnerTubeJSONMapper.swift; sourceTree = SOURCE_ROOT; };
		309E1B22F6210D15C15EACC8 /* HistoryRepository.swift */ = {isa = PBXFileReference; lastKnownFileType = sourcecode.swift; path = MusicGlass/Persistence/HistoryRepository.swift; sourceTree = SOURCE_ROOT; };
		351BA7A59EEB9E15DBE9EF99 /* NowPlayingManager.swift */ = {isa = PBXFileReference; lastKnownFileType = sourcecode.swift; path = MusicGlass/Playback/NowPlayingManager.swift; sourceTree = SOURCE_ROOT; };
		42F662E33F964054263E9EC4 /* APIRequest.swift */ = {isa = PBXFileReference; lastKnownFileType = sourcecode.swift; path = MusicGlass/Networking/APIRequest.swift; sourceTree = SOURCE_ROOT; };
		44C3C9FA7D443E53789DC4BE /* YouTubeMusicClient.swift */ = {isa = PBXFileReference; lastKnownFileType = sourcecode.swift; path = MusicGlass/YouTubeMusic/YouTubeMusicClient.swift; sourceTree = SOURCE_ROOT; };
		4842EDE81C0BBA3010A2E91A /* DetailScreens.swift */ = {isa = PBXFileReference; lastKnownFileType = sourcecode.swift; path = MusicGlass/UI/Screens/DetailScreens.swift; sourceTree = SOURCE_ROOT; };
		487A385BED5E3B912F4DCB65 /* AppLogger.swift */ = {isa = PBXFileReference; lastKnownFileType = sourcecode.swift; path = MusicGlass/Core/Logger/AppLogger.swift; sourceTree = SOURCE_ROOT; };
		4B37E72F286C8C75B12C1C12 /* ArtworkView.swift */ = {isa = PBXFileReference; lastKnownFileType = sourcecode.swift; path = MusicGlass/UI/Components/ArtworkView.swift; sourceTree = SOURCE_ROOT; };
		4C0967E80CD55961F1C77E10 /* TrackRow.swift */ = {isa = PBXFileReference; lastKnownFileType = sourcecode.swift; path = MusicGlass/UI/Components/TrackRow.swift; sourceTree = SOURCE_ROOT; };
		4FA9CF153DA3644A31ED13E4 /* AudioSessionManager.swift */ = {isa = PBXFileReference; lastKnownFileType = sourcecode.swift; path = MusicGlass/Playback/AudioSessionManager.swift; sourceTree = SOURCE_ROOT; };
		51F98009DD136C43825BC3D3 /* AuthService.swift */ = {isa = PBXFileReference; includeInIndex = 1; lastKnownFileType = sourcecode.swift; name = AuthService.swift; path = YouTubeMusic/Services/AuthService.swift; sourceTree = "<group>"; };
		525CD67282EDF66F03F1CE58 /* NetworkError.swift */ = {isa = PBXFileReference; lastKnownFileType = sourcecode.swift; path = MusicGlass/Networking/NetworkError.swift; sourceTree = SOURCE_ROOT; };
		56FE7EADD5D8BC48896A0D1C /* MusicGlassApp.swift */ = {isa = PBXFileReference; lastKnownFileType = sourcecode.swift; path = MusicGlass/MusicGlassApp.swift; sourceTree = SOURCE_ROOT; };
		57BBA26C10E9C770EF5BAA0E /* AppError.swift */ = {isa = PBXFileReference; lastKnownFileType = sourcecode.swift; path = MusicGlass/Core/Errors/AppError.swift; sourceTree = SOURCE_ROOT; };
		5A6787991AA51D7474760A16 /* PersistentModels.swift */ = {isa = PBXFileReference; lastKnownFileType = sourcecode.swift; path = MusicGlass/Persistence/PersistentModels.swift; sourceTree = SOURCE_ROOT; };
		5E5A5B4294EA90B12C8EDE4B /* NetworkLogger.swift */ = {isa = PBXFileReference; lastKnownFileType = sourcecode.swift; path = MusicGlass/Networking/NetworkLogger.swift; sourceTree = SOURCE_ROOT; };
		5EB429B3052FE0A6D6153314 /* TimeInterval+Formatting.swift */ = {isa = PBXFileReference; lastKnownFileType = sourcecode.swift; path = "MusicGlass/Core/Extensions/TimeInterval+Formatting.swift"; sourceTree = SOURCE_ROOT; };
		663096495A92B305EB0FBA6A /* SearchScreen.swift */ = {isa = PBXFileReference; lastKnownFileType = sourcecode.swift; path = MusicGlass/Features/Search/SearchScreen.swift; sourceTree = SOURCE_ROOT; };
		6832E9B46EB50950CADA5B42 /* HomeScreen.swift */ = {isa = PBXFileReference; lastKnownFileType = sourcecode.swift; path = MusicGlass/Features/Home/HomeScreen.swift; sourceTree = SOURCE_ROOT; };
		6AEA776E65D3BA6EC2BFC412 /* StateViews.swift */ = {isa = PBXFileReference; lastKnownFileType = sourcecode.swift; path = MusicGlass/UI/Components/StateViews.swift; sourceTree = SOURCE_ROOT; };
		6AEDF41AA3B91707BA95FDA0 /* Track.swift */ = {isa = PBXFileReference; lastKnownFileType = sourcecode.swift; path = MusicGlass/Core/Models/Track.swift; sourceTree = SOURCE_ROOT; };
		6C9FF5CEB2983C056A7693ED /* AppSpacing.swift */ = {isa = PBXFileReference; lastKnownFileType = sourcecode.swift; path = MusicGlass/UI/DesignSystem/AppSpacing.swift; sourceTree = SOURCE_ROOT; };
		6F10745704DC25B4C68A993D /* MediaCards.swift */ = {isa = PBXFileReference; lastKnownFileType = sourcecode.swift; path = MusicGlass/UI/Components/MediaCards.swift; sourceTree = SOURCE_ROOT; };
		7036E5E41DF39A2769C01B3E /* PlaybackCacheManager.swift */ = {isa = PBXFileReference; lastKnownFileType = sourcecode.swift; path = MusicGlass/Playback/PlaybackCacheManager.swift; sourceTree = SOURCE_ROOT; };
		7923A208481DE76B5F2CAF1D /* AppRadius.swift */ = {isa = PBXFileReference; lastKnownFileType = sourcecode.swift; path = MusicGlass/UI/DesignSystem/AppRadius.swift; sourceTree = SOURCE_ROOT; };
		7ABD8C8B10CE4501E165B9F2 /* InnerTubeClient.swift */ = {isa = PBXFileReference; lastKnownFileType = sourcecode.swift; path = MusicGlass/YouTubeMusic/InnerTubeClient.swift; sourceTree = SOURCE_ROOT; };
		8193255D72BEE073502BB43E /* YouTubeMusicParserTests.swift */ = {isa = PBXFileReference; lastKnownFileType = sourcecode.swift; path = MusicGlassTests/YouTubeMusicParserTests.swift; sourceTree = SOURCE_ROOT; };
		881B609B117FA5E5510EA617 /* LibraryScreen.swift */ = {isa = PBXFileReference; lastKnownFileType = sourcecode.swift; path = MusicGlass/Features/Library/LibraryScreen.swift; sourceTree = SOURCE_ROOT; };
		90E7A868DD800BEF87D9AB43 /* MusicGlassTests.xctest */ = {isa = PBXFileReference; explicitFileType = wrapper.cfbundle; includeInIndex = 0; path = MusicGlassTests.xctest; sourceTree = BUILT_PRODUCTS_DIR; };
		91DEF3D20A70B3685C4583EA /* DisclaimerView.swift */ = {isa = PBXFileReference; lastKnownFileType = sourcecode.swift; path = MusicGlass/UI/Screens/DisclaimerView.swift; sourceTree = SOURCE_ROOT; };
		9576AF7517610252F39AEB7E /* AppTypography.swift */ = {isa = PBXFileReference; lastKnownFileType = sourcecode.swift; path = MusicGlass/UI/DesignSystem/AppTypography.swift; sourceTree = SOURCE_ROOT; };
		95E85DFAB2DBAB2767F5271A /* HTTPClient.swift */ = {isa = PBXFileReference; lastKnownFileType = sourcecode.swift; path = MusicGlass/Networking/HTTPClient.swift; sourceTree = SOURCE_ROOT; };
		96104FB3023BE6FB53C40E33 /* Thumbnail.swift */ = {isa = PBXFileReference; lastKnownFileType = sourcecode.swift; path = MusicGlass/Core/Models/Thumbnail.swift; sourceTree = SOURCE_ROOT; };
		9651110CF7AAAECCA27705D6 /* AppAnimations.swift */ = {isa = PBXFileReference; lastKnownFileType = sourcecode.swift; path = MusicGlass/UI/DesignSystem/AppAnimations.swift; sourceTree = SOURCE_ROOT; };
		977EF52CAF63F75FCAC95067 /* FullPlayerScreen.swift */ = {isa = PBXFileReference; lastKnownFileType = sourcecode.swift; path = MusicGlass/Features/Player/FullPlayerScreen.swift; sourceTree = SOURCE_ROOT; };
		9D6F2D6D7B3E4E0FA81BA9DF /* Assets.xcassets */ = {isa = PBXFileReference; lastKnownFileType = folder.assetcatalog; path = MusicGlass/Assets.xcassets; sourceTree = SOURCE_ROOT; };
		A0DA56288C0EF64E02CE5D76 /* InnerTubeDTO.swift */ = {isa = PBXFileReference; lastKnownFileType = sourcecode.swift; path = MusicGlass/YouTubeMusic/DTO/InnerTubeDTO.swift; sourceTree = SOURCE_ROOT; };
		A1B2C3D4E5F60718293A4B5E /* Icon-60@2x.png */ = {isa = PBXFileReference; lastKnownFileType = image.png; path = "MusicGlass/Assets.xcassets/AppIcon.appiconset/Icon-60@2x.png"; sourceTree = SOURCE_ROOT; };
		A1B2C3D4E5F60718293A4B5F /* Icon-60@3x.png */ = {isa = PBXFileReference; lastKnownFileType = image.png; path = "MusicGlass/Assets.xcassets/AppIcon.appiconset/Icon-60@3x.png"; sourceTree = SOURCE_ROOT; };
		A28BD004DE36A481502A1915 /* FavoritesRepository.swift */ = {isa = PBXFileReference; lastKnownFileType = sourcecode.swift; path = MusicGlass/Persistence/FavoritesRepository.swift; sourceTree = SOURCE_ROOT; };
		A9795DF5D1085F54BC947813 /* Array+Uniqued.swift */ = {isa = PBXFileReference; lastKnownFileType = sourcecode.swift; path = "MusicGlass/Core/Extensions/Array+Uniqued.swift"; sourceTree = SOURCE_ROOT; };
		AA70F316722AC7129A92E2AE /* SettingsViewModel.swift */ = {isa = PBXFileReference; lastKnownFileType = sourcecode.swift; path = MusicGlass/Features/Settings/SettingsViewModel.swift; sourceTree = SOURCE_ROOT; };
		AABA1C986AD489B7518A759C /* LyricsScreen.swift */ = {isa = PBXFileReference; lastKnownFileType = sourcecode.swift; path = MusicGlass/Features/Lyrics/LyricsScreen.swift; sourceTree = SOURCE_ROOT; };
		B3DCACCA28F1638AE30B41A3 /* SettingsScreen.swift */ = {isa = PBXFileReference; lastKnownFileType = sourcecode.swift; path = MusicGlass/Features/Settings/SettingsScreen.swift; sourceTree = SOURCE_ROOT; };
		B866049113DABC880CA7D284 /* AppRouter.swift */ = {isa = PBXFileReference; lastKnownFileType = sourcecode.swift; path = MusicGlass/App/AppRouter.swift; sourceTree = SOURCE_ROOT; };
		C03D6C5B61063B2AEAE79F5C /* AppIcons.swift */ = {isa = PBXFileReference; lastKnownFileType = sourcecode.swift; path = MusicGlass/UI/DesignSystem/AppIcons.swift; sourceTree = SOURCE_ROOT; };
		C0849432DD32C71EF9B6B7C3 /* LocalDatabase.swift */ = {isa = PBXFileReference; lastKnownFileType = sourcecode.swift; path = MusicGlass/Persistence/LocalDatabase.swift; sourceTree = SOURCE_ROOT; };
		C3373C43A076035DA02BBB41 /* AVPlayerEngine.swift */ = {isa = PBXFileReference; lastKnownFileType = sourcecode.swift; path = MusicGlass/Playback/AVPlayerEngine.swift; sourceTree = SOURCE_ROOT; };
		CD8633F6EC459CC713D9BBA3 /* PlayerState.swift */ = {isa = PBXFileReference; lastKnownFileType = sourcecode.swift; path = MusicGlass/Core/Models/PlayerState.swift; sourceTree = SOURCE_ROOT; };
		CF340FAA2655D23EBD4745E9 /* Album.swift */ = {isa = PBXFileReference; lastKnownFileType = sourcecode.swift; path = MusicGlass/Core/Models/Album.swift; sourceTree = SOURCE_ROOT; };
		D0127DA0C94520EEA0C9470B /* GlassButton.swift */ = {isa = PBXFileReference; lastKnownFileType = sourcecode.swift; path = MusicGlass/UI/Components/GlassButton.swift; sourceTree = SOURCE_ROOT; };
		D0BA873395E3184AF4369735 /* PlayerQueueTests.swift */ = {isa = PBXFileReference; lastKnownFileType = sourcecode.swift; path = MusicGlassTests/PlayerQueueTests.swift; sourceTree = SOURCE_ROOT; };
		D457D9D1F43F5232D3DCA4ED /* AppColors.swift */ = {isa = PBXFileReference; lastKnownFileType = sourcecode.swift; path = MusicGlass/UI/DesignSystem/AppColors.swift; sourceTree = SOURCE_ROOT; };
		D5EA178F49D60B267E804A4A /* HomeViewModel.swift */ = {isa = PBXFileReference; lastKnownFileType = sourcecode.swift; path = MusicGlass/Features/Home/HomeViewModel.swift; sourceTree = SOURCE_ROOT; };
		D731B4F15E19447E6B6D3C8B /* CacheRepository.swift */ = {isa = PBXFileReference; lastKnownFileType = sourcecode.swift; path = MusicGlass/Persistence/CacheRepository.swift; sourceTree = SOURCE_ROOT; };
		DBEF82EBD0BE8EBC15073085 /* QueueScreen.swift */ = {isa = PBXFileReference; lastKnownFileType = sourcecode.swift; path = MusicGlass/Features/Player/QueueScreen.swift; sourceTree = SOURCE_ROOT; };
		E01F18F04DAE889F6AC90E7E /* RootView.swift */ = {isa = PBXFileReference; lastKnownFileType = sourcecode.swift; path = MusicGlass/App/RootView.swift; sourceTree = SOURCE_ROOT; };
		E4B821631F3FD889D5D5FE3C /* DetailViewModels.swift */ = {isa = PBXFileReference; lastKnownFileType = sourcecode.swift; path = MusicGlass/UI/Screens/DetailViewModels.swift; sourceTree = SOURCE_ROOT; };
		EA171E79875C02DCD78CAF9D /* LyricsService.swift */ = {isa = PBXFileReference; lastKnownFileType = sourcecode.swift; path = MusicGlass/YouTubeMusic/Services/LyricsService.swift; sourceTree = SOURCE_ROOT; };
		ED36E261CC0356810817D466 /* SearchViewModel.swift */ = {isa = PBXFileReference; lastKnownFileType = sourcecode.swift; path = MusicGlass/Features/Search/SearchViewModel.swift; sourceTree = SOURCE_ROOT; };
		F00FD1A43D09BBEE85AD6C95 /* AppMaterials.swift */ = {isa = PBXFileReference; lastKnownFileType = sourcecode.swift; path = MusicGlass/UI/DesignSystem/AppMaterials.swift; sourceTree = SOURCE_ROOT; };
		F73BC96D3AE90E22339A5701 /* PlayerQueue.swift */ = {isa = PBXFileReference; lastKnownFileType = sourcecode.swift; path = MusicGlass/Playback/PlayerQueue.swift; sourceTree = SOURCE_ROOT; };
		FFF01270080D0423F18D1B8D /* HomeFeed.swift */ = {isa = PBXFileReference; lastKnownFileType = sourcecode.swift; path = MusicGlass/Core/Models/HomeFeed.swift; sourceTree = SOURCE_ROOT; };
/* End PBXFileReference section */

/* Begin PBXFrameworksBuildPhase section */
		F001BC2AF9EB5498B3360756 /* Frameworks */ = {
			isa = PBXFrameworksBuildPhase;
			buildActionMask = 2147483647;
			files = (
			);
			runOnlyForDeploymentPostprocessing = 0;
		};
		F115AF690239BFBFCB7B4DE6 /* Frameworks */ = {
			isa = PBXFrameworksBuildPhase;
			buildActionMask = 2147483647;
			files = (
			);
			runOnlyForDeploymentPostprocessing = 0;
		};
/* End PBXFrameworksBuildPhase section */

/* Begin PBXGroup section */
		5151B46607EBC8890D8DFCC2 /* Products */ = {
			isa = PBXGroup;
			children = (
				253FACC6CB6565067F5B41EE /* MusicGlass.app */,
				90E7A868DD800BEF87D9AB43 /* MusicGlassTests.xctest */,
			);
			name = Products;
			sourceTree = "<group>";
		};
		79EC2E551CE96AA81E9A2EAD /* Settings */ = {
			isa = PBXGroup;
			children = (
				04480EFCB79D5DE893E6AC7F /* LoginWebView.swift */,
			);
			name = Settings;
			sourceTree = "<group>";
		};
		7F88D953D0FC058448BCAE1D /* Services */ = {
			isa = PBXGroup;
			children = (
				51F98009DD136C43825BC3D3 /* AuthService.swift */,
			);
			name = Services;
			sourceTree = "<group>";
		};
		9E05F2290E6F408EE64357E1 /* YouTubeMusic */ = {
			isa = PBXGroup;
			children = (
				7F88D953D0FC058448BCAE1D /* Services */,
			);
			name = YouTubeMusic;
			sourceTree = "<group>";
		};
		A8DC946193FB3004B0A167D2 /* MusicGlassTests */ = {
			isa = PBXGroup;
			children = (
				D0BA873395E3184AF4369735 /* PlayerQueueTests.swift */,
				8193255D72BEE073502BB43E /* YouTubeMusicParserTests.swift */,
			);
			path = MusicGlassTests;
			sourceTree = "<group>";
		};
		ADCF10F76EBF2A74473E9DC4 = {
			isa = PBXGroup;
			children = (
				FEA0B65EDCF0E5B7A1E7A82C /* MusicGlass */,
				A8DC946193FB3004B0A167D2 /* MusicGlassTests */,
				5151B46607EBC8890D8DFCC2 /* Products */,
			);
			sourceTree = "<group>";
		};
		B9EE970BB3DC9F47731D2212 /* Features */ = {
			isa = PBXGroup;
			children = (
				79EC2E551CE96AA81E9A2EAD /* Settings */,
			);
			name = Features;
			sourceTree = "<group>";
		};
		FEA0B65EDCF0E5B7A1E7A82C /* MusicGlass */ = {
			isa = PBXGroup;
			children = (
				05692CB912BEFF8FC5C63675 /* Info.plist */,
				9D6F2D6D7B3E4E0FA81BA9DF /* Assets.xcassets */,
				A1B2C3D4E5F60718293A4B5E /* Icon-60@2x.png */,
				A1B2C3D4E5F60718293A4B5F /* Icon-60@3x.png */,
				1446FA0689FAB3E0199E2E43 /* AppContainer.swift */,
				B866049113DABC880CA7D284 /* AppRouter.swift */,
				E01F18F04DAE889F6AC90E7E /* RootView.swift */,
				57BBA26C10E9C770EF5BAA0E /* AppError.swift */,
				A9795DF5D1085F54BC947813 /* Array+Uniqued.swift */,
				5EB429B3052FE0A6D6153314 /* TimeInterval+Formatting.swift */,
				487A385BED5E3B912F4DCB65 /* AppLogger.swift */,
				CF340FAA2655D23EBD4745E9 /* Album.swift */,
				1BDB7B4D1806688E34502068 /* Artist.swift */,
				FFF01270080D0423F18D1B8D /* HomeFeed.swift */,
				14A6DE69CE37C7E3101206DE /* Lyrics.swift */,
				2228F3EC1484535525EB411F /* PlayerItem.swift */,
				CD8633F6EC459CC713D9BBA3 /* PlayerState.swift */,
				11B70D9D917D359CB2571C57 /* Playlist.swift */,
				232996E72E94F324C9A441DC /* SearchResult.swift */,
				96104FB3023BE6FB53C40E33 /* Thumbnail.swift */,
				6AEDF41AA3B91707BA95FDA0 /* Track.swift */,
				6832E9B46EB50950CADA5B42 /* HomeScreen.swift */,
				D5EA178F49D60B267E804A4A /* HomeViewModel.swift */,
				881B609B117FA5E5510EA617 /* LibraryScreen.swift */,
				14C6E4C50A82B2DF4EBE495C /* LibraryViewModel.swift */,
				AABA1C986AD489B7518A759C /* LyricsScreen.swift */,
				1D5B17B88C994FC40FDFB6E5 /* LyricsViewModel.swift */,
				977EF52CAF63F75FCAC95067 /* FullPlayerScreen.swift */,
				1FA115BEE62C7A51F2D63DB6 /* MiniPlayer.swift */,
				DBEF82EBD0BE8EBC15073085 /* QueueScreen.swift */,
				663096495A92B305EB0FBA6A /* SearchScreen.swift */,
				ED36E261CC0356810817D466 /* SearchViewModel.swift */,
				B3DCACCA28F1638AE30B41A3 /* SettingsScreen.swift */,
				AA70F316722AC7129A92E2AE /* SettingsViewModel.swift */,
				56FE7EADD5D8BC48896A0D1C /* MusicGlassApp.swift */,
				42F662E33F964054263E9EC4 /* APIRequest.swift */,
				95E85DFAB2DBAB2767F5271A /* HTTPClient.swift */,
				525CD67282EDF66F03F1CE58 /* NetworkError.swift */,
				5E5A5B4294EA90B12C8EDE4B /* NetworkLogger.swift */,
				D731B4F15E19447E6B6D3C8B /* CacheRepository.swift */,
				A28BD004DE36A481502A1915 /* FavoritesRepository.swift */,
				309E1B22F6210D15C15EACC8 /* HistoryRepository.swift */,
				C0849432DD32C71EF9B6B7C3 /* LocalDatabase.swift */,
				5A6787991AA51D7474760A16 /* PersistentModels.swift */,
				149E0188E89E6AACECCBA379 /* PlaylistRepository.swift */,
				C3373C43A076035DA02BBB41 /* AVPlayerEngine.swift */,
				4FA9CF153DA3644A31ED13E4 /* AudioSessionManager.swift */,
				351BA7A59EEB9E15DBE9EF99 /* NowPlayingManager.swift */,
				7036E5E41DF39A2769C01B3E /* PlaybackCacheManager.swift */,
				F73BC96D3AE90E22339A5701 /* PlayerQueue.swift */,
				08635703A23E9919CD257ADB /* RemoteCommandCenterManager.swift */,
				4B37E72F286C8C75B12C1C12 /* ArtworkView.swift */,
				D0127DA0C94520EEA0C9470B /* GlassButton.swift */,
				6F10745704DC25B4C68A993D /* MediaCards.swift */,
				6AEA776E65D3BA6EC2BFC412 /* StateViews.swift */,
				4C0967E80CD55961F1C77E10 /* TrackRow.swift */,
				9651110CF7AAAECCA27705D6 /* AppAnimations.swift */,
				D457D9D1F43F5232D3DCA4ED /* AppColors.swift */,
				C03D6C5B61063B2AEAE79F5C /* AppIcons.swift */,
				F00FD1A43D09BBEE85AD6C95 /* AppMaterials.swift */,
				7923A208481DE76B5F2CAF1D /* AppRadius.swift */,
				6C9FF5CEB2983C056A7693ED /* AppSpacing.swift */,
				9576AF7517610252F39AEB7E /* AppTypography.swift */,
				4842EDE81C0BBA3010A2E91A /* DetailScreens.swift */,
				E4B821631F3FD889D5D5FE3C /* DetailViewModels.swift */,
				91DEF3D20A70B3685C4583EA /* DisclaimerView.swift */,
				A0DA56288C0EF64E02CE5D76 /* InnerTubeDTO.swift */,
				182D5CC40CC7CB76222C3404 /* JSONValue.swift */,
				7ABD8C8B10CE4501E165B9F2 /* InnerTubeClient.swift */,
				2C81E9F009898FCD7695D0EA /* InnerTubeJSONMapper.swift */,
				EA171E79875C02DCD78CAF9D /* LyricsService.swift */,
				44C3C9FA7D443E53789DC4BE /* YouTubeMusicClient.swift */,
				9E05F2290E6F408EE64357E1 /* YouTubeMusic */,
				B9EE970BB3DC9F47731D2212 /* Features */,
			);
			path = MusicGlass;
			sourceTree = "<group>";
		};
/* End PBXGroup section */

/* Begin PBXNativeTarget section */
		31E99D0C770D8CF13A7FD648 /* MusicGlass */ = {
			isa = PBXNativeTarget;
			buildConfigurationList = 32995943DE67267A65D32CA9 /* Build configuration list for PBXNativeTarget "MusicGlass" */;
			buildPhases = (
				8682261519D15BD64A9E5D31 /* Sources */,
				F001BC2AF9EB5498B3360756 /* Frameworks */,
				E28FAD8F60ECDED9B4AD087A /* Resources */,
			);
			buildRules = (
			);
			dependencies = (
			);
			name = MusicGlass;
			productName = MusicGlass;
			productReference = 253FACC6CB6565067F5B41EE /* MusicGlass.app */;
			productType = "com.apple.product-type.application";
		};
		A6449D9DC04DEA1D3FA85C83 /* MusicGlassTests */ = {
			isa = PBXNativeTarget;
			buildConfigurationList = 6137A6F58D979B3DA500C290 /* Build configuration list for PBXNativeTarget "MusicGlassTests" */;
			buildPhases = (
				B6F43314D0693B2B792DAE17 /* Sources */,
				F115AF690239BFBFCB7B4DE6 /* Frameworks */,
				2BD6B9B82414E6AB1198F133 /* Resources */,
			);
			buildRules = (
			);
			dependencies = (
				B1C40FA7A05DCD9D09D32ABC /* PBXTargetDependency */,
			);
			name = MusicGlassTests;
			productName = MusicGlassTests;
			productReference = 90E7A868DD800BEF87D9AB43 /* MusicGlassTests.xctest */;
			productType = "com.apple.product-type.bundle.unit-test";
		};
/* End PBXNativeTarget section */

/* Begin PBXProject section */
		98F54143AB4E86B28C3AFEE0 /* Project object */ = {
			isa = PBXProject;
			attributes = {
				BuildIndependentTargetsInParallel = 1;
				LastSwiftUpdateCheck = 2640;
				LastUpgradeCheck = 2640;
				TargetAttributes = {
					31E99D0C770D8CF13A7FD648 = {
						CreatedOnToolsVersion = 26.4.1;
					};
					A6449D9DC04DEA1D3FA85C83 = {
						CreatedOnToolsVersion = 26.4.1;
						TestTargetID = 31E99D0C770D8CF13A7FD648;
					};
				};
			};
			buildConfigurationList = 12D04D787E90C9B967248BFD /* Build configuration list for PBXProject "MusicGlass" */;
			compatibilityVersion = "Xcode 15.0";
			developmentRegion = en;
			hasScannedForEncodings = 0;
			knownRegions = (
				en,
				Base,
			);
			mainGroup = ADCF10F76EBF2A74473E9DC4;
			productRefGroup = 5151B46607EBC8890D8DFCC2 /* Products */;
			projectDirPath = "";
			projectRoot = "";
			targets = (
				31E99D0C770D8CF13A7FD648 /* MusicGlass */,
				A6449D9DC04DEA1D3FA85C83 /* MusicGlassTests */,
			);
		};
/* End PBXProject section */

/* Begin PBXResourcesBuildPhase section */
		2BD6B9B82414E6AB1198F133 /* Resources */ = {
			isa = PBXResourcesBuildPhase;
			buildActionMask = 2147483647;
			files = (
			);
			runOnlyForDeploymentPostprocessing = 0;
		};
		E28FAD8F60ECDED9B4AD087A /* Resources */ = {
			isa = PBXResourcesBuildPhase;
			buildActionMask = 2147483647;
			files = (
				A1B2C3D4E5F60718293A4B5C /* Icon-60@2x.png in Resources */,
				A1B2C3D4E5F60718293A4B5D /* Icon-60@3x.png in Resources */,
			);
			runOnlyForDeploymentPostprocessing = 0;
		};
/* End PBXResourcesBuildPhase section */

/* Begin PBXSourcesBuildPhase section */
		8682261519D15BD64A9E5D31 /* Sources */ = {
			isa = PBXSourcesBuildPhase;
			buildActionMask = 2147483647;
			files = (
				21BBA4986F069AA5840D0312 /* AppContainer.swift in Sources */,
				B01C9AD1130279D641808B32 /* AppRouter.swift in Sources */,
				B387ADD346764EDC8D7EE39F /* RootView.swift in Sources */,
				B01A86BD5412C4AA535625B4 /* AppError.swift in Sources */,
				F99F2995B0CBA9F39CB1A80A /* Array+Uniqued.swift in Sources */,
				6ED92039E1B0ECC6A0BB90C7 /* TimeInterval+Formatting.swift in Sources */,
				C8ED0C8BB3EA6D14A7734EC5 /* AppLogger.swift in Sources */,
				E42958EFE07FE16A743FBC3A /* Album.swift in Sources */,
				FDF1A5388BDAEFAFD4CDCECD /* Artist.swift in Sources */,
				A7863EAB728F3F2A8A7B4A33 /* HomeFeed.swift in Sources */,
				8AD2793A3D16EA8CB5EAB20E /* Lyrics.swift in Sources */,
				76658FAC712804919F1DCDA8 /* PlayerItem.swift in Sources */,
				016CB8244FD385587A49F2B6 /* PlayerState.swift in Sources */,
				1652EB10062E24787A75AEC2 /* Playlist.swift in Sources */,
				FBB7C85071EBC9D0478CA71D /* SearchResult.swift in Sources */,
				04A0AFD4698ED011F8AF96FF /* Thumbnail.swift in Sources */,
				ED9C862081B4EDB4657ADAEE /* Track.swift in Sources */,
				C6FFE435C0A99FF2A160F901 /* HomeScreen.swift in Sources */,
				AEDEF733235F088FC27F2FBB /* HomeViewModel.swift in Sources */,
				7AEF02AC20DAD6D9F9EB5E7E /* LibraryScreen.swift in Sources */,
				CA6E140E4F6BE28120F4B2DB /* LibraryViewModel.swift in Sources */,
				8AD92DA5C444DDC958511893 /* LyricsScreen.swift in Sources */,
				3F3C0F98904B83B84B2761D9 /* LyricsViewModel.swift in Sources */,
				4EB63D3D6BEC7D4163CF9FDB /* FullPlayerScreen.swift in Sources */,
				DCA94580CB933144FC3A110C /* MiniPlayer.swift in Sources */,
				AEBECD7C5982316B9FB26BE3 /* QueueScreen.swift in Sources */,
				92F397B888C6602858EEA4B5 /* SearchScreen.swift in Sources */,
				B7593CE91B785D99F0E6A7E4 /* SearchViewModel.swift in Sources */,
				F9FCD3C29435BE1786C2A30D /* SettingsScreen.swift in Sources */,
				0C4D71E25082DB8775F2F475 /* SettingsViewModel.swift in Sources */,
				39A706E4C7CD2CC3A6018E13 /* MusicGlassApp.swift in Sources */,
				7602648DF8D703B39249F04A /* APIRequest.swift in Sources */,
				C9FF67D468F33F5F93EF2ADA /* HTTPClient.swift in Sources */,
				45198B2346952C2D4ABB6984 /* NetworkError.swift in Sources */,
				A562DA94ECACFC0CD8A30D81 /* NetworkLogger.swift in Sources */,
				F7D687FF38E8CFD87D85F467 /* CacheRepository.swift in Sources */,
				91A6B2BE0A39D5238FAC83ED /* FavoritesRepository.swift in Sources */,
				A8D32508205EB0C958367530 /* HistoryRepository.swift in Sources */,
				51FD1FB37A76AFEC3F23C514 /* LocalDatabase.swift in Sources */,
				A7E07E60893D73371437D40D /* PersistentModels.swift in Sources */,
				2505B9C359430343C6747EE4 /* PlaylistRepository.swift in Sources */,
				D7ACABAA30302AF96F459169 /* AVPlayerEngine.swift in Sources */,
				46D6DE138467090CE30FB0F4 /* AudioSessionManager.swift in Sources */,
				3FCE46F7951459443E9F9D4D /* NowPlayingManager.swift in Sources */,
				86AC45C9F3EBCD2842D06680 /* PlaybackCacheManager.swift in Sources */,
				F82E277B7BB0D2B0B4DBF0C4 /* PlayerQueue.swift in Sources */,
				E040D90B77EE3956263A8EC0 /* RemoteCommandCenterManager.swift in Sources */,
				4E8AB586C0A29E3F8EA14108 /* ArtworkView.swift in Sources */,
				350476E1178C4D36B1D76125 /* GlassButton.swift in Sources */,
				6639F11D69A702B224302E82 /* MediaCards.swift in Sources */,
				E28505B8AD3B7C0656E144D1 /* StateViews.swift in Sources */,
				A27890C0004A1F74609C9103 /* TrackRow.swift in Sources */,
				2370BCE06A0699713630C497 /* AppAnimations.swift in Sources */,
				4C80AF887C5DF481DCF0521B /* AppColors.swift in Sources */,
				264B26761087DB9468001E4A /* AppIcons.swift in Sources */,
				2E1EC5EEC62B02E655D27138 /* AppMaterials.swift in Sources */,
				E79B34F1B6D11D75B6EA54FF /* AppRadius.swift in Sources */,
				6F2CDABDC70F451954B59D2C /* AppSpacing.swift in Sources */,
				5B9985D39FF55E5162764587 /* AppTypography.swift in Sources */,
				78859A3DCBABA2F5228FB833 /* DetailScreens.swift in Sources */,
				B338129493553C96ABF95B4D /* DetailViewModels.swift in Sources */,
				600183ADD4BD9EF2E9B56B7D /* DisclaimerView.swift in Sources */,
				EB880F51681BA90E27AC1944 /* InnerTubeDTO.swift in Sources */,
				53ADD48E7A209EF4BEF7FEA1 /* JSONValue.swift in Sources */,
				582435972CDB592841D351CD /* InnerTubeClient.swift in Sources */,
				C66570F75B8E67D6A005DE26 /* InnerTubeJSONMapper.swift in Sources */,
				F581C1B17A711C5B165963FA /* LyricsService.swift in Sources */,
				08A7A8C1CE232DF97C3BB1BC /* YouTubeMusicClient.swift in Sources */,
				D3ACA31E2E0F1F28DA96A655 /* AuthService.swift in Sources */,
				D858E6C997ED20D0113FA154 /* LoginWebView.swift in Sources */,
			);
			runOnlyForDeploymentPostprocessing = 0;
		};
		B6F43314D0693B2B792DAE17 /* Sources */ = {
			isa = PBXSourcesBuildPhase;
			buildActionMask = 2147483647;
			files = (
				56D6C3598BA8DF0E52E39926 /* PlayerQueueTests.swift in Sources */,
				A707698F20329AD827C98DEA /* YouTubeMusicParserTests.swift in Sources */,
			);
			runOnlyForDeploymentPostprocessing = 0;
		};
/* End PBXSourcesBuildPhase section */

/* Begin PBXTargetDependency section */
		B1C40FA7A05DCD9D09D32ABC /* PBXTargetDependency */ = {
			isa = PBXTargetDependency;
			target = 31E99D0C770D8CF13A7FD648 /* MusicGlass */;
			targetProxy = 5156102E26F7FE2BFCDDBF25 /* PBXContainerItemProxy */;
		};
/* End PBXTargetDependency section */

/* Begin XCBuildConfiguration section */
		06B6A15813AE62FDCFE74422 /* Release */ = {
			isa = XCBuildConfiguration;
			buildSettings = {
				CODE_SIGN_STYLE = Automatic;
				CURRENT_PROJECT_VERSION = 4;
				DEVELOPMENT_TEAM = "";
				GENERATE_INFOPLIST_FILE = NO;
				INFOPLIST_FILE = MusicGlass/Info.plist;
				IPHONEOS_DEPLOYMENT_TARGET = 17.0;
				MARKETING_VERSION = 0.0.4;
				PRODUCT_BUNDLE_IDENTIFIER = com.musicglass.app;
				PRODUCT_NAME = "$(TARGET_NAME)";
				SUPPORTED_PLATFORMS = "iphoneos iphonesimulator";
				SUPPORTS_MACCATALYST = NO;
				SWIFT_EMIT_LOC_STRINGS = YES;
				SWIFT_VERSION = 6.0;
				TARGETED_DEVICE_FAMILY = 1;
			};
			name = Release;
		};
		0FDEFC4302813C22AF141CA7 /* Debug */ = {
			isa = XCBuildConfiguration;
			buildSettings = {
				BUNDLE_LOADER = "$(TEST_HOST)";
				CODE_SIGN_STYLE = Automatic;
				CURRENT_PROJECT_VERSION = 4;
				DEVELOPMENT_TEAM = "";
				GENERATE_INFOPLIST_FILE = YES;
				IPHONEOS_DEPLOYMENT_TARGET = 17.0;
				MARKETING_VERSION = 0.0.4;
				PRODUCT_BUNDLE_IDENTIFIER = com.musicglass.tests;
				PRODUCT_NAME = "$(TARGET_NAME)";
				SUPPORTED_PLATFORMS = "iphoneos iphonesimulator";
				SUPPORTS_MACCATALYST = NO;
				SWIFT_VERSION = 6.0;
				TARGETED_DEVICE_FAMILY = "1,2";
				TEST_HOST = "$(BUILT_PRODUCTS_DIR)/MusicGlass.app/$(BUNDLE_EXECUTABLE_FOLDER_PATH)/MusicGlass";
			};
			name = Debug;
		};
		3C5BC6FE1E438E679FB7F74F /* Release */ = {
			isa = XCBuildConfiguration;
			buildSettings = {
				ALWAYS_SEARCH_USER_PATHS = NO;
				CLANG_ANALYZER_NONNULL = YES;
				CLANG_ENABLE_MODULES = YES;
				CLANG_ENABLE_OBJC_ARC = YES;
				CLANG_WARN_QUOTED_INCLUDE_IN_FRAMEWORK_HEADER = YES;
				DEBUG_INFORMATION_FORMAT = "dwarf-with-dsym";
				ENABLE_STRICT_OBJC_MSGSEND = YES;
				ENABLE_TESTABILITY = NO;
				GCC_NO_COMMON_BLOCKS = YES;
				GCC_OPTIMIZATION_LEVEL = s;
				GCC_PREPROCESSOR_DEFINITIONS = "$(inherited)";
				IPHONEOS_DEPLOYMENT_TARGET = 17.0;
				MTL_ENABLE_DEBUG_INFO = NO;
				ONLY_ACTIVE_ARCH = NO;
				SWIFT_ACTIVE_COMPILATION_CONDITIONS = "";
				VALIDATE_PRODUCT = YES;
			};
			name = Release;
		};
		73BFC4993D558C2844970A56 /* Debug */ = {
			isa = XCBuildConfiguration;
			buildSettings = {
				ALWAYS_SEARCH_USER_PATHS = NO;
				CLANG_ANALYZER_NONNULL = YES;
				CLANG_ENABLE_MODULES = YES;
				CLANG_ENABLE_OBJC_ARC = YES;
				CLANG_WARN_QUOTED_INCLUDE_IN_FRAMEWORK_HEADER = YES;
				DEBUG_INFORMATION_FORMAT = dwarf;
				ENABLE_STRICT_OBJC_MSGSEND = YES;
				ENABLE_TESTABILITY = YES;
				GCC_NO_COMMON_BLOCKS = YES;
				GCC_OPTIMIZATION_LEVEL = 0;
				GCC_PREPROCESSOR_DEFINITIONS = (
					"DEBUG=1",
					"$(inherited)",
				);
				IPHONEOS_DEPLOYMENT_TARGET = 17.0;
				MTL_ENABLE_DEBUG_INFO = INCLUDE_SOURCE;
				ONLY_ACTIVE_ARCH = YES;
				SWIFT_ACTIVE_COMPILATION_CONDITIONS = DEBUG;
			};
			name = Debug;
		};
		779A6DE1C6EB04ECC0A3779E /* Release */ = {
			isa = XCBuildConfiguration;
			buildSettings = {
				BUNDLE_LOADER = "$(TEST_HOST)";
				CODE_SIGN_STYLE = Automatic;
				CURRENT_PROJECT_VERSION = 4;
				DEVELOPMENT_TEAM = "";
				GENERATE_INFOPLIST_FILE = YES;
				IPHONEOS_DEPLOYMENT_TARGET = 17.0;
				MARKETING_VERSION = 0.0.4;
				PRODUCT_BUNDLE_IDENTIFIER = com.musicglass.tests;
				PRODUCT_NAME = "$(TARGET_NAME)";
				SUPPORTED_PLATFORMS = "iphoneos iphonesimulator";
				SUPPORTS_MACCATALYST = NO;
				SWIFT_VERSION = 6.0;
				TARGETED_DEVICE_FAMILY = "1,2";
				TEST_HOST = "$(BUILT_PRODUCTS_DIR)/MusicGlass.app/$(BUNDLE_EXECUTABLE_FOLDER_PATH)/MusicGlass";
			};
			name = Release;
		};
		CC982C4F58FE5F6D2B2680C2 /* Debug */ = {
			isa = XCBuildConfiguration;
			buildSettings = {
				CODE_SIGN_STYLE = Automatic;
				CURRENT_PROJECT_VERSION = 4;
				DEVELOPMENT_TEAM = "";
				GENERATE_INFOPLIST_FILE = NO;
				INFOPLIST_FILE = MusicGlass/Info.plist;
				IPHONEOS_DEPLOYMENT_TARGET = 17.0;
				MARKETING_VERSION = 0.0.4;
				PRODUCT_BUNDLE_IDENTIFIER = com.musicglass.app;
				PRODUCT_NAME = "$(TARGET_NAME)";
				SUPPORTED_PLATFORMS = "iphoneos iphonesimulator";
				SUPPORTS_MACCATALYST = NO;
				SWIFT_EMIT_LOC_STRINGS = YES;
				SWIFT_VERSION = 6.0;
				TARGETED_DEVICE_FAMILY = 1;
			};
			name = Debug;
		};
/* End XCBuildConfiguration section */

/* Begin XCConfigurationList section */
		12D04D787E90C9B967248BFD /* Build configuration list for PBXProject "MusicGlass" */ = {
			isa = XCConfigurationList;
			buildConfigurations = (
				73BFC4993D558C2844970A56 /* Debug */,
				3C5BC6FE1E438E679FB7F74F /* Release */,
			);
			defaultConfigurationName = Release;
		};
		32995943DE67267A65D32CA9 /* Build configuration list for PBXNativeTarget "MusicGlass" */ = {
			isa = XCConfigurationList;
			buildConfigurations = (
				CC982C4F58FE5F6D2B2680C2 /* Debug */,
				06B6A15813AE62FDCFE74422 /* Release */,
			);
			defaultConfigurationName = Release;
		};
		6137A6F58D979B3DA500C290 /* Build configuration list for PBXNativeTarget "MusicGlassTests" */ = {
			isa = XCConfigurationList;
			buildConfigurations = (
				0FDEFC4302813C22AF141CA7 /* Debug */,
				779A6DE1C6EB04ECC0A3779E /* Release */,
			);
			defaultConfigurationName = Release;
		};
/* End XCConfigurationList section */
	};
	rootObject = 98F54143AB4E86B28C3AFEE0 /* Project object */;
}
